
Microsoft Visual Studio Solution File, Format Version 12.00
# Visual Studio 2015
Project("{FAE04EC0-301F-11D3-BF4B-00C04F79EFBC}") = "Midsummer-Night-s-Tea.Plugins", "Midsummer-Night-s-Tea.Plugins.csproj", "{CF056E7B-35F5-41D5-0E1F-EC50DB0F3152}"
EndProject
Project("{FAE04EC0-301F-11D3-BF4B-00C04F79EFBC}") = "Midsummer-Night-s-Tea", "Midsummer-Night-s-Tea.csproj", "{5CE9A4E6-AAF0-1419-8AA1-E712EFFB552D}"
EndProject
Project("{FAE04EC0-301F-11D3-BF4B-00C04F79EFBC}") = "Midsummer-Night-s-Tea.Editor", "Midsummer-Night-s-Tea.Editor.csproj", "{F3993880-97A8-F678-6614-7D37CF082E3A}"
EndProject
Global
	GlobalSection(SolutionConfigurationPlatforms) = preSolution
		Debug|Any CPU = Debug|Any CPU
		Release|Any CPU = Release|Any CPU
	EndGlobalSection
	GlobalSection(ProjectConfigurationPlatforms) = postSolution
		{CF056E7B-35F5-41D5-0E1F-EC50DB0F3152}.Debug|Any CPU.ActiveCfg = Debug|Any CPU
		{CF056E7B-35F5-41D5-0E1F-EC50DB0F3152}.Debug|Any CPU.Build.0 = Debug|Any CPU
		{CF056E7B-35F5-41D5-0E1F-EC50DB0F3152}.Release|Any CPU.ActiveCfg = Release|Any CPU
		{CF056E7B-35F5-41D5-0E1F-EC50DB0F3152}.Release|Any CPU.Build.0 = Release|Any CPU
		{5CE9A4E6-AAF0-1419-8AA1-E712EFFB552D}.Debug|Any CPU.ActiveCfg = Debug|Any CPU
		{5CE9A4E6-AAF0-1419-8AA1-E712EFFB552D}.Debug|Any CPU.Build.0 = Debug|Any CPU
		{5CE9A4E6-AAF0-1419-8AA1-E712EFFB552D}.Release|Any CPU.ActiveCfg = Release|Any CPU
		{5CE9A4E6-AAF0-1419-8AA1-E712EFFB552D}.Release|Any CPU.Build.0 = Release|Any CPU
		{F3993880-97A8-F678-6614-7D37CF082E3A}.Debug|Any CPU.ActiveCfg = Debug|Any CPU
		{F3993880-97A8-F678-6614-7D37CF082E3A}.Debug|Any CPU.Build.0 = Debug|Any CPU
		{F3993880-97A8-F678-6614-7D37CF082E3A}.Release|Any CPU.ActiveCfg = Release|Any CPU
		{F3993880-97A8-F678-6614-7D37CF082E3A}.Release|Any CPU.Build.0 = Release|Any CPU
	EndGlobalSection
	GlobalSection(SolutionProperties) = preSolution
		HideSolutionNode = FALSE
	EndGlobalSection
EndGlobal
